
Microsoft Visual Studio Solution File, Format Version 12.00
# Visual Studio 15
Project("{FAE04EC0-301F-11D3-BF4B-00C04F79EFBC}") = "Elringus.Naninovel.Runtime", "Elringus.Naninovel.Runtime.csproj", "{35399716-883D-5E86-CCF0-B04A2061D001}"
EndProject
Project("{FAE04EC0-301F-11D3-BF4B-00C04F79EFBC}") = "Elringus.Naninovel.Editor", "Elringus.Naninovel.Editor.csproj", "{2E738A86-5937-FBF9-CB97-751170937ABB}"
EndProject
Project("{FAE04EC0-301F-11D3-BF4B-00C04F79EFBC}") = "Elringus.Naninovel.E2E", "Elringus.Naninovel.E2E.csproj", "{A318211D-27EC-27F1-E85F-2474B33EAF06}"
EndProject
Global
	GlobalSection(SolutionConfigurationPlatforms) = preSolution
		Debug|Any CPU = Debug|Any CPU
		Release|Any CPU = Release|Any CPU
	EndGlobalSection
	GlobalSection(ProjectConfigurationPlatforms) = postSolution
		{35399716-883D-5E86-CCF0-B04A2061D001}.Debug|Any CPU.ActiveCfg = Debug|Any CPU
		{35399716-883D-5E86-CCF0-B04A2061D001}.Debug|Any CPU.Build.0 = Debug|Any CPU
		{35399716-883D-5E86-CCF0-B04A2061D001}.Release|Any CPU.ActiveCfg = Release|Any CPU
		{35399716-883D-5E86-CCF0-B04A2061D001}.Release|Any CPU.Build.0 = Release|Any CPU
		{2E738A86-5937-FBF9-CB97-751170937ABB}.Debug|Any CPU.ActiveCfg = Debug|Any CPU
		{2E738A86-5937-FBF9-CB97-751170937ABB}.Debug|Any CPU.Build.0 = Debug|Any CPU
		{2E738A86-5937-FBF9-CB97-751170937ABB}.Release|Any CPU.ActiveCfg = Release|Any CPU
		{2E738A86-5937-FBF9-CB97-751170937ABB}.Release|Any CPU.Build.0 = Release|Any CPU
		{A318211D-27EC-27F1-E85F-2474B33EAF06}.Debug|Any CPU.ActiveCfg = Debug|Any CPU
		{A318211D-27EC-27F1-E85F-2474B33EAF06}.Debug|Any CPU.Build.0 = Debug|Any CPU
		{A318211D-27EC-27F1-E85F-2474B33EAF06}.Release|Any CPU.ActiveCfg = Release|Any CPU
		{A318211D-27EC-27F1-E85F-2474B33EAF06}.Release|Any CPU.Build.0 = Release|Any CPU
	EndGlobalSection
	GlobalSection(SolutionProperties) = preSolution
		HideSolutionNode = FALSE
	EndGlobalSection
EndGlobal
